<?xml version="1.0" encoding="utf-8"?>
<Project ToolsVersion="4.0" xmlns="http://schemas.microsoft.com/developer/msbuild/2003">
  <ItemGroup>
    <Filter Include="Libraries">
      <UniqueIdentifier>{0259E1F6-6EC3-956D-B701-471323AB73C2}</UniqueIdentifier>
    </Filter>
    <Filter Include="Libraries\ImGui">
      <UniqueIdentifier>{AC07BDE7-1893-2AAC-21A4-ADA08DAE86AC}</UniqueIdentifier>
    </Filter>
    <Filter Include="Libraries\ImGui\ImGuizmo">
      <UniqueIdentifier>{8CDBB723-7800-07A4-A14B-EC338DCF05C2}</UniqueIdentifier>
    </Filter>
    <Filter Include="Libraries\yaml">
      <UniqueIdentifier>{E4CEE10E-D09C-D514-B930-463BA59DB179}</UniqueIdentifier>
    </Filter>
    <Filter Include="Libraries\yaml\src">
      <UniqueIdentifier>{FB5E5237-E742-138D-50A3-0DE03CA6FD0E}</UniqueIdentifier>
    </Filter>
    <Filter Include="Libraries\yaml\src\contrib">
      <UniqueIdentifier>{FB71A380-E781-4F51-503B-B46F3C6A3EEA}</UniqueIdentifier>
    </Filter>
    <Filter Include="MainApp">
      <UniqueIdentifier>{6BCAF114-D7A9-70B0-E0C1-FB864C20D711}</UniqueIdentifier>
    </Filter>
    <Filter Include="MainApp\RenderSystems">
      <UniqueIdentifier>{F2D589C3-5E42-45BE-2736-DD1B93616726}</UniqueIdentifier>
    </Filter>
    <Filter Include="MainApp\Scene">
      <UniqueIdentifier>{C81BF159-34DC-6C90-FD16-B60D6996B16C}</UniqueIdentifier>
    </Filter>
    <Filter Include="MainApp\Utils">
      <UniqueIdentifier>{0BB01E5A-7770-9A90-40AB-E30DAC2ADF6C}</UniqueIdentifier>
    </Filter>
    <Filter Include="MainApp\resources">
      <UniqueIdentifier>{B551250E-2168-23A4-6ADF-AEC5D634F42B}</UniqueIdentifier>
    </Filter>
    <Filter Include="MainApp\resources\vulkan">
      <UniqueIdentifier>{B5D51F2F-A1FA-6EAF-CA45-543FB6C96DCD}</UniqueIdentifier>
    </Filter>
    <Filter Include="MainApp\resources\vulkan\shaders">
      <UniqueIdentifier>{AE774CB2-9AC8-37F4-C32C-26B6AFDCCA5D}</UniqueIdentifier>
    </Filter>
  </ItemGroup>
  <ItemGroup>
    <ClInclude Include="Libraries\ImGui\ImGuizmo\GraphEditor.h">
      <Filter>Libraries\ImGui\ImGuizmo</Filter>
    </ClInclude>
    <ClInclude Include="Libraries\ImGui\ImGuizmo\ImCurveEdit.h">
      <Filter>Libraries\ImGui\ImGuizmo</Filter>
    </ClInclude>
    <ClInclude Include="Libraries\ImGui\ImGuizmo\ImGradient.h">
      <Filter>Libraries\ImGui\ImGuizmo</Filter>
    </ClInclude>
    <ClInclude Include="Libraries\ImGui\ImGuizmo\ImGuizmo.h">
      <Filter>Libraries\ImGui\ImGuizmo</Filter>
    </ClInclude>
    <ClInclude Include="Libraries\ImGui\ImGuizmo\ImSequencer.h">
      <Filter>Libraries\ImGui\ImGuizmo</Filter>
    </ClInclude>
    <ClInclude Include="Libraries\ImGui\ImGuizmo\ImZoomSlider.h">
      <Filter>Libraries\ImGui\ImGuizmo</Filter>
    </ClInclude>
    <ClInclude Include="Libraries\ImGui\imconfig.h">
      <Filter>Libraries\ImGui</Filter>
    </ClInclude>
    <ClInclude Include="Libraries\ImGui\imgui.h">
      <Filter>Libraries\ImGui</Filter>
    </ClInclude>
    <ClInclude Include="Libraries\ImGui\imgui_impl_glfw.h">
      <Filter>Libraries\ImGui</Filter>
    </ClInclude>
    <ClInclude Include="Libraries\ImGui\imgui_impl_sdl.h">
      <Filter>Libraries\ImGui</Filter>
    </ClInclude>
    <ClInclude Include="Libraries\ImGui\imgui_impl_vulkan.h">
      <Filter>Libraries\ImGui</Filter>
    </ClInclude>
    <ClInclude Include="Libraries\ImGui\imgui_internal.h">
      <Filter>Libraries\ImGui</Filter>
    </ClInclude>
    <ClInclude Include="Libraries\ImGui\imstb_rectpack.h">
      <Filter>Libraries\ImGui</Filter>
    </ClInclude>
    <ClInclude Include="Libraries\ImGui\imstb_textedit.h">
      <Filter>Libraries\ImGui</Filter>
    </ClInclude>
    <ClInclude Include="Libraries\ImGui\imstb_truetype.h">
      <Filter>Libraries\ImGui</Filter>
    </ClInclude>
    <ClInclude Include="Libraries\yaml\src\collectionstack.h">
      <Filter>Libraries\yaml\src</Filter>
    </ClInclude>
    <ClInclude Include="Libraries\yaml\src\contrib\graphbuilderadapter.h">
      <Filter>Libraries\yaml\src\contrib</Filter>
    </ClInclude>
    <ClInclude Include="Libraries\yaml\src\directives.h">
      <Filter>Libraries\yaml\src</Filter>
    </ClInclude>
    <ClInclude Include="Libraries\yaml\src\emitterstate.h">
      <Filter>Libraries\yaml\src</Filter>
    </ClInclude>
    <ClInclude Include="Libraries\yaml\src\emitterutils.h">
      <Filter>Libraries\yaml\src</Filter>
    </ClInclude>
    <ClInclude Include="Libraries\yaml\src\exp.h">
      <Filter>Libraries\yaml\src</Filter>
    </ClInclude>
    <ClInclude Include="Libraries\yaml\src\indentation.h">
      <Filter>Libraries\yaml\src</Filter>
    </ClInclude>
    <ClInclude Include="Libraries\yaml\src\nodebuilder.h">
      <Filter>Libraries\yaml\src</Filter>
    </ClInclude>
    <ClInclude Include="Libraries\yaml\src\nodeevents.h">
      <Filter>Libraries\yaml\src</Filter>
    </ClInclude>
    <ClInclude Include="Libraries\yaml\src\ptr_vector.h">
      <Filter>Libraries\yaml\src</Filter>
    </ClInclude>
    <ClInclude Include="Libraries\yaml\src\regex_yaml.h">
      <Filter>Libraries\yaml\src</Filter>
    </ClInclude>
    <ClInclude Include="Libraries\yaml\src\regeximpl.h">
      <Filter>Libraries\yaml\src</Filter>
    </ClInclude>
    <ClInclude Include="Libraries\yaml\src\scanner.h">
      <Filter>Libraries\yaml\src</Filter>
    </ClInclude>
    <ClInclude Include="Libraries\yaml\src\scanscalar.h">
      <Filter>Libraries\yaml\src</Filter>
    </ClInclude>
    <ClInclude Include="Libraries\yaml\src\scantag.h">
      <Filter>Libraries\yaml\src</Filter>
    </ClInclude>
    <ClInclude Include="Libraries\yaml\src\setting.h">
      <Filter>Libraries\yaml\src</Filter>
    </ClInclude>
    <ClInclude Include="Libraries\yaml\src\singledocparser.h">
      <Filter>Libraries\yaml\src</Filter>
    </ClInclude>
    <ClInclude Include="Libraries\yaml\src\stream.h">
      <Filter>Libraries\yaml\src</Filter>
    </ClInclude>
    <ClInclude Include="Libraries\yaml\src\streamcharsource.h">
      <Filter>Libraries\yaml\src</Filter>
    </ClInclude>
    <ClInclude Include="Libraries\yaml\src\stringsource.h">
      <Filter>Libraries\yaml\src</Filter>
    </ClInclude>
    <ClInclude Include="Libraries\yaml\src\tag.h">
      <Filter>Libraries\yaml\src</Filter>
    </ClInclude>
    <ClInclude Include="Libraries\yaml\src\token.h">
      <Filter>Libraries\yaml\src</Filter>
    </ClInclude>
    <ClInclude Include="MainApp\Application.h">
      <Filter>MainApp</Filter>
    </ClInclude>
    <ClInclude Include="MainApp\Buffer.h">
      <Filter>MainApp</Filter>
    </ClInclude>
    <ClInclude Include="MainApp\Camera.h">
      <Filter>MainApp</Filter>
    </ClInclude>
    <ClInclude Include="MainApp\CommandBuffer.h">
      <Filter>MainApp</Filter>
    </ClInclude>
    <ClInclude Include="MainApp\Descriptors.h">
      <Filter>MainApp</Filter>
    </ClInclude>
    <ClInclude Include="MainApp\Device.h">
      <Filter>MainApp</Filter>
    </ClInclude>
    <ClInclude Include="MainApp\Enums.h">
      <Filter>MainApp</Filter>
    </ClInclude>
    <ClInclude Include="MainApp\FrameInfo.h">
      <Filter>MainApp</Filter>
    </ClInclude>
    <ClInclude Include="MainApp\GameObject.h">
      <Filter>MainApp</Filter>
    </ClInclude>
    <ClInclude Include="MainApp\Image.h">
      <Filter>MainApp</Filter>
    </ClInclude>
    <ClInclude Include="MainApp\Light.h">
      <Filter>MainApp</Filter>
    </ClInclude>
    <ClInclude Include="MainApp\Log.h">
      <Filter>MainApp</Filter>
    </ClInclude>
    <ClInclude Include="MainApp\Material.h">
      <Filter>MainApp</Filter>
    </ClInclude>
    <ClInclude Include="MainApp\Mesh.h">
      <Filter>MainApp</Filter>
    </ClInclude>
    <ClInclude Include="MainApp\Model.h">
      <Filter>MainApp</Filter>
    </ClInclude>
    <ClInclude Include="MainApp\Pipeline.h">
      <Filter>MainApp</Filter>
    </ClInclude>
    <ClInclude Include="MainApp\RenderPass.h">
      <Filter>MainApp</Filter>
    </ClInclude>
    <ClInclude Include="MainApp\RenderSystems\ImGuiSystem.h">
      <Filter>MainApp\RenderSystems</Filter>
    </ClInclude>
    <ClInclude Include="MainApp\RenderSystems\PointLightSystem.h">
      <Filter>MainApp\RenderSystems</Filter>
    </ClInclude>
    <ClInclude Include="MainApp\RenderSystems\RenderSystem.h">
      <Filter>MainApp\RenderSystems</Filter>
    </ClInclude>
    <ClInclude Include="MainApp\RenderSystems\RenderSystemBase.h">
      <Filter>MainApp\RenderSystems</Filter>
    </ClInclude>
    <ClInclude Include="MainApp\RenderSystems\ShadowSystem.h">
      <Filter>MainApp\RenderSystems</Filter>
    </ClInclude>
    <ClInclude Include="MainApp\RenderSystems\SpotLightSystem.h">
      <Filter>MainApp\RenderSystems</Filter>
    </ClInclude>
    <ClInclude Include="MainApp\RenderSystems\UnlitSystem.h">
      <Filter>MainApp\RenderSystems</Filter>
    </ClInclude>
    <ClInclude Include="MainApp\RenderSystems\WireframeSystem.h">
      <Filter>MainApp\RenderSystems</Filter>
    </ClInclude>
    <ClInclude Include="MainApp\RenderSystems\WorldGridSystem.h">
      <Filter>MainApp\RenderSystems</Filter>
    </ClInclude>
    <ClInclude Include="MainApp\Renderer.h">
      <Filter>MainApp</Filter>
    </ClInclude>
    <ClInclude Include="MainApp\Scene\Scene.h">
      <Filter>MainApp\Scene</Filter>
    </ClInclude>
    <ClInclude Include="MainApp\SceneSerializer.h">
      <Filter>MainApp</Filter>
    </ClInclude>
    <ClInclude Include="MainApp\SwapChain.h">
      <Filter>MainApp</Filter>
    </ClInclude>
    <ClInclude Include="MainApp\Texture.h">
      <Filter>MainApp</Filter>
    </ClInclude>
    <ClInclude Include="MainApp\TextureSampler.h">
      <Filter>MainApp</Filter>
    </ClInclude>
    <ClInclude Include="MainApp\Utils.h">
      <Filter>MainApp</Filter>
    </ClInclude>
    <ClInclude Include="MainApp\Utils\YamlHelpers.h">
      <Filter>MainApp\Utils</Filter>
    </ClInclude>
    <ClInclude Include="MainApp\VertexAttributes.h">
      <Filter>MainApp</Filter>
    </ClInclude>
    <ClInclude Include="MainApp\VertexBuffer.h">
      <Filter>MainApp</Filter>
    </ClInclude>
    <ClInclude Include="MainApp\Window.h">
      <Filter>MainApp</Filter>
    </ClInclude>
  </ItemGroup>
  <ItemGroup>
    <ClCompile Include="Libraries\ImGui\ImGuizmo\GraphEditor.cpp">
      <Filter>Libraries\ImGui\ImGuizmo</Filter>
    </ClCompile>
    <ClCompile Include="Libraries\ImGui\ImGuizmo\ImCurveEdit.cpp">
      <Filter>Libraries\ImGui\ImGuizmo</Filter>
    </ClCompile>
    <ClCompile Include="Libraries\ImGui\ImGuizmo\ImGradient.cpp">
      <Filter>Libraries\ImGui\ImGuizmo</Filter>
    </ClCompile>
    <ClCompile Include="Libraries\ImGui\ImGuizmo\ImGuizmo.cpp">
      <Filter>Libraries\ImGui\ImGuizmo</Filter>
    </ClCompile>
    <ClCompile Include="Libraries\ImGui\ImGuizmo\ImSequencer.cpp">
      <Filter>Libraries\ImGui\ImGuizmo</Filter>
    </ClCompile>
    <ClCompile Include="Libraries\ImGui\imgui.cpp">
      <Filter>Libraries\ImGui</Filter>
    </ClCompile>
    <ClCompile Include="Libraries\ImGui\imgui_demo.cpp">
      <Filter>Libraries\ImGui</Filter>
    </ClCompile>
    <ClCompile Include="Libraries\ImGui\imgui_draw.cpp">
      <Filter>Libraries\ImGui</Filter>
    </ClCompile>
    <ClCompile Include="Libraries\ImGui\imgui_impl_glfw.cpp">
      <Filter>Libraries\ImGui</Filter>
    </ClCompile>
    <ClCompile Include="Libraries\ImGui\imgui_impl_vulkan.cpp">
      <Filter>Libraries\ImGui</Filter>
    </ClCompile>
    <ClCompile Include="Libraries\ImGui\imgui_tables.cpp">
      <Filter>Libraries\ImGui</Filter>
    </ClCompile>
    <ClCompile Include="Libraries\ImGui\imgui_widgets.cpp">
      <Filter>Libraries\ImGui</Filter>
    </ClCompile>
    <ClCompile Include="Libraries\yaml\src\binary.cpp">
      <Filter>Libraries\yaml\src</Filter>
    </ClCompile>
    <ClCompile Include="Libraries\yaml\src\contrib\graphbuilder.cpp">
      <Filter>Libraries\yaml\src\contrib</Filter>
    </ClCompile>
    <ClCompile Include="Libraries\yaml\src\contrib\graphbuilderadapter.cpp">
      <Filter>Libraries\yaml\src\contrib</Filter>
    </ClCompile>
    <ClCompile Include="Libraries\yaml\src\convert.cpp">
      <Filter>Libraries\yaml\src</Filter>
    </ClCompile>
    <ClCompile Include="Libraries\yaml\src\depthguard.cpp">
      <Filter>Libraries\yaml\src</Filter>
    </ClCompile>
    <ClCompile Include="Libraries\yaml\src\directives.cpp">
      <Filter>Libraries\yaml\src</Filter>
    </ClCompile>
    <ClCompile Include="Libraries\yaml\src\emit.cpp">
      <Filter>Libraries\yaml\src</Filter>
    </ClCompile>
    <ClCompile Include="Libraries\yaml\src\emitfromevents.cpp">
      <Filter>Libraries\yaml\src</Filter>
    </ClCompile>
    <ClCompile Include="Libraries\yaml\src\emitter.cpp">
      <Filter>Libraries\yaml\src</Filter>
    </ClCompile>
    <ClCompile Include="Libraries\yaml\src\emitterstate.cpp">
      <Filter>Libraries\yaml\src</Filter>
    </ClCompile>
    <ClCompile Include="Libraries\yaml\src\emitterutils.cpp">
      <Filter>Libraries\yaml\src</Filter>
    </ClCompile>
    <ClCompile Include="Libraries\yaml\src\exceptions.cpp">
      <Filter>Libraries\yaml\src</Filter>
    </ClCompile>
    <ClCompile Include="Libraries\yaml\src\exp.cpp">
      <Filter>Libraries\yaml\src</Filter>
    </ClCompile>
    <ClCompile Include="Libraries\yaml\src\memory.cpp">
      <Filter>Libraries\yaml\src</Filter>
    </ClCompile>
    <ClCompile Include="Libraries\yaml\src\node.cpp">
      <Filter>Libraries\yaml\src</Filter>
    </ClCompile>
    <ClCompile Include="Libraries\yaml\src\node_data.cpp">
      <Filter>Libraries\yaml\src</Filter>
    </ClCompile>
    <ClCompile Include="Libraries\yaml\src\nodebuilder.cpp">
      <Filter>Libraries\yaml\src</Filter>
    </ClCompile>
    <ClCompile Include="Libraries\yaml\src\nodeevents.cpp">
      <Filter>Libraries\yaml\src</Filter>
    </ClCompile>
    <ClCompile Include="Libraries\yaml\src\null.cpp">
      <Filter>Libraries\yaml\src</Filter>
    </ClCompile>
    <ClCompile Include="Libraries\yaml\src\ostream_wrapper.cpp">
      <Filter>Libraries\yaml\src</Filter>
    </ClCompile>
    <ClCompile Include="Libraries\yaml\src\parse.cpp">
      <Filter>Libraries\yaml\src</Filter>
    </ClCompile>
    <ClCompile Include="Libraries\yaml\src\parser.cpp">
      <Filter>Libraries\yaml\src</Filter>
    </ClCompile>
    <ClCompile Include="Libraries\yaml\src\regex_yaml.cpp">
      <Filter>Libraries\yaml\src</Filter>
    </ClCompile>
    <ClCompile Include="Libraries\yaml\src\scanner.cpp">
      <Filter>Libraries\yaml\src</Filter>
    </ClCompile>
    <ClCompile Include="Libraries\yaml\src\scanscalar.cpp">
      <Filter>Libraries\yaml\src</Filter>
    </ClCompile>
    <ClCompile Include="Libraries\yaml\src\scantag.cpp">
      <Filter>Libraries\yaml\src</Filter>
    </ClCompile>
    <ClCompile Include="Libraries\yaml\src\scantoken.cpp">
      <Filter>Libraries\yaml\src</Filter>
    </ClCompile>
    <ClCompile Include="Libraries\yaml\src\simplekey.cpp">
      <Filter>Libraries\yaml\src</Filter>
    </ClCompile>
    <ClCompile Include="Libraries\yaml\src\singledocparser.cpp">
      <Filter>Libraries\yaml\src</Filter>
    </ClCompile>
    <ClCompile Include="Libraries\yaml\src\stream.cpp">
      <Filter>Libraries\yaml\src</Filter>
    </ClCompile>
    <ClCompile Include="Libraries\yaml\src\tag.cpp">
      <Filter>Libraries\yaml\src</Filter>
    </ClCompile>
    <ClCompile Include="MainApp\Application.cpp">
      <Filter>MainApp</Filter>
    </ClCompile>
    <ClCompile Include="MainApp\Buffer.cpp">
      <Filter>MainApp</Filter>
    </ClCompile>
    <ClCompile Include="MainApp\Camera.cpp">
      <Filter>MainApp</Filter>
    </ClCompile>
    <ClCompile Include="MainApp\CommandBuffer.cpp">
      <Filter>MainApp</Filter>
    </ClCompile>
    <ClCompile Include="MainApp\Descriptors.cpp">
      <Filter>MainApp</Filter>
    </ClCompile>
    <ClCompile Include="MainApp\Device.cpp">
      <Filter>MainApp</Filter>
    </ClCompile>
    <ClCompile Include="MainApp\GameObject.cpp">
      <Filter>MainApp</Filter>
    </ClCompile>
    <ClCompile Include="MainApp\Image.cpp">
      <Filter>MainApp</Filter>
    </ClCompile>
    <ClCompile Include="MainApp\Light.cpp">
      <Filter>MainApp</Filter>
    </ClCompile>
    <ClCompile Include="MainApp\Log.cpp">
      <Filter>MainApp</Filter>
    </ClCompile>
    <ClCompile Include="MainApp\Main.cpp">
      <Filter>MainApp</Filter>
    </ClCompile>
    <ClCompile Include="MainApp\Material.cpp">
      <Filter>MainApp</Filter>
    </ClCompile>
    <ClCompile Include="MainApp\Mesh.cpp">
      <Filter>MainApp</Filter>
    </ClCompile>
    <ClCompile Include="MainApp\Model.cpp">
      <Filter>MainApp</Filter>
    </ClCompile>
    <ClCompile Include="MainApp\Pipeline.cpp">
      <Filter>MainApp</Filter>
    </ClCompile>
    <ClCompile Include="MainApp\RenderPass.cpp">
      <Filter>MainApp</Filter>
    </ClCompile>
    <ClCompile Include="MainApp\RenderSystems\ImGuiSystem.cpp">
      <Filter>MainApp\RenderSystems</Filter>
    </ClCompile>
    <ClCompile Include="MainApp\RenderSystems\PointLightSystem.cpp">
      <Filter>MainApp\RenderSystems</Filter>
    </ClCompile>
    <ClCompile Include="MainApp\RenderSystems\RenderSystem.cpp">
      <Filter>MainApp\RenderSystems</Filter>
    </ClCompile>
    <ClCompile Include="MainApp\RenderSystems\RenderSystemBase.cpp">
      <Filter>MainApp\RenderSystems</Filter>
    </ClCompile>
    <ClCompile Include="MainApp\RenderSystems\ShadowSystem.cpp">
      <Filter>MainApp\RenderSystems</Filter>
    </ClCompile>
    <ClCompile Include="MainApp\RenderSystems\SpotLightSystem.cpp">
      <Filter>MainApp\RenderSystems</Filter>
    </ClCompile>
    <ClCompile Include="MainApp\RenderSystems\UnlitSystem.cpp">
      <Filter>MainApp\RenderSystems</Filter>
    </ClCompile>
    <ClCompile Include="MainApp\RenderSystems\WireframeSystem.cpp">
      <Filter>MainApp\RenderSystems</Filter>
    </ClCompile>
    <ClCompile Include="MainApp\RenderSystems\WorldGridSystem.cpp">
      <Filter>MainApp\RenderSystems</Filter>
    </ClCompile>
    <ClCompile Include="MainApp\Renderer.cpp">
      <Filter>MainApp</Filter>
    </ClCompile>
    <ClCompile Include="MainApp\Scene\Scene.cpp">
      <Filter>MainApp\Scene</Filter>
    </ClCompile>
    <ClCompile Include="MainApp\SceneSerializer.cpp">
      <Filter>MainApp</Filter>
    </ClCompile>
    <ClCompile Include="MainApp\SwapChain.cpp">
      <Filter>MainApp</Filter>
    </ClCompile>
    <ClCompile Include="MainApp\Texture.cpp">
      <Filter>MainApp</Filter>
    </ClCompile>
    <ClCompile Include="MainApp\TextureSampler.cpp">
      <Filter>MainApp</Filter>
    </ClCompile>
    <ClCompile Include="MainApp\Utils.cpp">
      <Filter>MainApp</Filter>
    </ClCompile>
    <ClCompile Include="MainApp\VertexAttributes.cpp">
      <Filter>MainApp</Filter>
    </ClCompile>
    <ClCompile Include="MainApp\VertexBuffer.cpp">
      <Filter>MainApp</Filter>
    </ClCompile>
    <ClCompile Include="MainApp\Window.cpp">
      <Filter>MainApp</Filter>
    </ClCompile>
    <ClCompile Include="MainApp\Utils\YamlHelper.cpp">
      <Filter>MainApp\Utils</Filter>
    </ClCompile>
  </ItemGroup>
  <ItemGroup>
    <None Include="MainApp\resources\vulkan\shaders\BasicUnlit.frag">
      <Filter>MainApp\resources\vulkan\shaders</Filter>
    </None>
    <None Include="MainApp\resources\vulkan\shaders\BasicUnlit.vert">
      <Filter>MainApp\resources\vulkan\shaders</Filter>
    </None>
    <None Include="MainApp\resources\vulkan\shaders\PBR.frag">
      <Filter>MainApp\resources\vulkan\shaders</Filter>
    </None>
    <None Include="MainApp\resources\vulkan\shaders\PBR.vert">
      <Filter>MainApp\resources\vulkan\shaders</Filter>
    </None>
    <None Include="MainApp\resources\vulkan\shaders\PointLight.frag">
      <Filter>MainApp\resources\vulkan\shaders</Filter>
    </None>
    <None Include="MainApp\resources\vulkan\shaders\PointLight.vert">
      <Filter>MainApp\resources\vulkan\shaders</Filter>
    </None>
    <None Include="MainApp\resources\vulkan\shaders\Shadows.frag">
      <Filter>MainApp\resources\vulkan\shaders</Filter>
    </None>
    <None Include="MainApp\resources\vulkan\shaders\Shadows.vert">
      <Filter>MainApp\resources\vulkan\shaders</Filter>
    </None>
    <None Include="MainApp\resources\vulkan\shaders\SpotLight.frag">
      <Filter>MainApp\resources\vulkan\shaders</Filter>
    </None>
    <None Include="MainApp\resources\vulkan\shaders\SpotLight.vert">
      <Filter>MainApp\resources\vulkan\shaders</Filter>
    </None>
    <None Include="MainApp\resources\vulkan\shaders\Test.frag">
      <Filter>MainApp\resources\vulkan\shaders</Filter>
    </None>
    <None Include="MainApp\resources\vulkan\shaders\Test.vert">
      <Filter>MainApp\resources\vulkan\shaders</Filter>
    </None>
    <None Include="MainApp\resources\vulkan\shaders\Wireframe.frag">
      <Filter>MainApp\resources\vulkan\shaders</Filter>
    </None>
    <None Include="MainApp\resources\vulkan\shaders\Wireframe.vert">
      <Filter>MainApp\resources\vulkan\shaders</Filter>
    </None>
    <None Include="MainApp\resources\vulkan\shaders\WorldGrid.frag">
      <Filter>MainApp\resources\vulkan\shaders</Filter>
    </None>
    <None Include="MainApp\resources\vulkan\shaders\WorldGrid.vert">
      <Filter>MainApp\resources\vulkan\shaders</Filter>
    </None>
  </ItemGroup>
</Project>