<?xml version="1.0" encoding="utf-8"?>
<Project ToolsVersion="4.0" xmlns="http://schemas.microsoft.com/developer/msbuild/2003">
  <ItemGroup>
    <Filter Include="resources">
      <UniqueIdentifier>{202B5BA7-8C95-0F1E-D5D3-C0C3417DED72}</UniqueIdentifier>
    </Filter>
    <Filter Include="resources\vulkan">
      <UniqueIdentifier>{C088AB47-AC81-CA99-D5B3-AF1EC10BAAA5}</UniqueIdentifier>
    </Filter>
    <Filter Include="resources\vulkan\shaders">
      <UniqueIdentifier>{B905342A-A52A-83AA-CE75-683ABAF981C8}</UniqueIdentifier>
    </Filter>
  </ItemGroup>
  <ItemGroup>
    <ClInclude Include="MainApp\Application.h" />
    <ClInclude Include="MainApp\CommandBuffer.h" />
    <ClInclude Include="MainApp\Image.h" />
    <ClInclude Include="MainApp\Renderer.h" />
    <ClInclude Include="MainApp\TextureSampler.h" />
    <ClInclude Include="MainApp\VertexBuffer.h" />
    <ClInclude Include="MainApp\Window.h" />
  </ItemGroup>
  <ItemGroup>
    <ClCompile Include="MainApp\Application.cpp" />
    <ClCompile Include="MainApp\CommandBuffer.cpp" />
    <ClCompile Include="MainApp\Image.cpp" />
    <ClCompile Include="MainApp\Main.cpp" />
    <ClCompile Include="MainApp\Renderer.cpp" />
    <ClCompile Include="MainApp\TextureSampler.cpp" />
    <ClCompile Include="MainApp\VertexBuffer.cpp" />
    <ClCompile Include="MainApp\Window.cpp" />
  </ItemGroup>
  <ItemGroup>
    <None Include="MainApp\resources\vulkan\shaders\Test.frag">
      <Filter>resources\vulkan\shaders</Filter>
    </None>
    <None Include="MainApp\resources\vulkan\shaders\Test.vert">
      <Filter>resources\vulkan\shaders</Filter>
    </None>
  </ItemGroup>
</Project>